{
  "name": "js-homework-01",
  "lockfileVersion": 3,
  "requires": true,
  "packages": {
    "": {
      "dependencies": {
        "@csstools/css-calc": "^3.1.1"
      }
    },
    "node_modules/@csstools/css-calc": {
      "version": "3.1.1",
      "resolved": "https://registry.npmjs.org/@csstools/css-calc/-/css-calc-3.1.1.tgz",
      "integrity": "sha512-HJ26Z/vmsZQqs/o3a6bgKslXGFAungXGbinULZO3eMsOyNJHeBBZfup5FiZInOghgoM4Hwnmw+OgbJCNg1wwUQ==",
      "funding": [
        {
          "type": "github",
          "url": "https://github.com/sponsors/csstools"
        },
        {
          "type": "opencollective",
          "url": "https://opencollective.com/csstools"
        }
      ],
      "license": "MIT",
      "engines": {
        "node": ">=20.19.0"
      },
      "peerDependencies": {
        "@csstools/css-parser-algorithms": "^4.0.0",
        "@csstools/css-tokenizer": "^4.0.0"
      }
    },
    "node_modules/@csstools/css-parser-algorithms": {
      "version": "4.0.0",
      "resolved": "https://registry.npmjs.org/@csstools/css-parser-algorithms/-/css-parser-algorithms-4.0.0.tgz",
      "integrity": "sha512-+B87qS7fIG3L5h3qwJ/IFbjoVoOe/bpOdh9hAjXbvx0o8ImEmUsGXN0inFOnk2ChCFgqkkGFQ+TpM5rbhkKe4w==",
      "funding": [
        {
          "type": "github",
          "url": "https://github.com/sponsors/csstools"
        },
        {
          "type": "opencollective",
          "url": "https://opencollective.com/csstools"
        }
      ],
      "license": "MIT",
      "peer": true,
      "engines": {
        "node": ">=20.19.0"
      },
      "peerDependencies": {
        "@csstools/css-tokenizer": "^4.0.0"
      }
    },
    "node_modules/@csstools/css-tokenizer": {
      "version": "4.0.0",
      "resolved": "https://registry.npmjs.org/@csstools/css-tokenizer/-/css-tokenizer-4.0.0.tgz",
      "integrity": "sha512-QxULHAm7cNu72w97JUNCBFODFaXpbDg+dP8b/oWFAZ2MTRppA3U00Y2L1HqaS4J6yBqxwa/Y3nMBaxVKbB/NsA==",
      "funding": [
        {
          "type": "github",
          "url": "https://github.com/sponsors/csstools"
        },
        {
          "type": "opencollective",
          "url": "https://opencollective.com/csstools"
        }
      ],
      "license": "MIT",
      "peer": true,
      "engines": {
        "node": ">=20.19.0"
      }
    }
  }
}
